// !$*UTF8*$!
{
	archiveVersion = 1;
	classes = {
	};
	objectVersion = 48;
	objects = {

/* Begin PBXBuildFile section */
		24088DABD5A33A214DF75F68 /* Pods_TelepresencePokerTests.framework in Frameworks */ = {isa = PBXBuildFile; fileRef = 3DD48BC86729A0C40232093F /* Pods_TelepresencePokerTests.framework */; };
		334B1D1D87D8BCC89A2EDEC2 /* Pods_TelepresencePoker.framework in Frameworks */ = {isa = PBXBuildFile; fileRef = 7869473EDD88CC57FCDAE65F /* Pods_TelepresencePoker.framework */; };
		94246DEC8E557A50610333C5 /* Pods_TelepresencePokerUITests.framework in Frameworks */ = {isa = PBXBuildFile; fileRef = 1DA7BC7BC6C7CA200AD145A1 /* Pods_TelepresencePokerUITests.framework */; };
		F069097C200EDD6900745E55 /* AppDelegate.swift in Sources */ = {isa = PBXBuildFile; fileRef = F069097B200EDD6900745E55 /* AppDelegate.swift */; };
		F069097E200EDD6900745E55 /* ViewController.swift in Sources */ = {isa = PBXBuildFile; fileRef = F069097D200EDD6900745E55 /* ViewController.swift */; };
		F0690981200EDD6900745E55 /* Main.storyboard in Resources */ = {isa = PBXBuildFile; fileRef = F069097F200EDD6900745E55 /* Main.storyboard */; };
		F0690986200EDD6900745E55 /* LaunchScreen.storyboard in Resources */ = {isa = PBXBuildFile; fileRef = F0690984200EDD6900745E55 /* LaunchScreen.storyboard */; };
		F0690991200EDD6900745E55 /* TelepresencePokerTests.swift in Sources */ = {isa = PBXBuildFile; fileRef = F0690990200EDD6900745E55 /* TelepresencePokerTests.swift */; };
		F069099C200EDD6900745E55 /* TelepresencePokerUITests.swift in Sources */ = {isa = PBXBuildFile; fileRef = F069099B200EDD6900745E55 /* TelepresencePokerUITests.swift */; };
		F06909AA200EDE0500745E55 /* TPMainViewController.swift in Sources */ = {isa = PBXBuildFile; fileRef = F06909A9200EDE0500745E55 /* TPMainViewController.swift */; };
		F06909AE200EE8E900745E55 /* Assets.xcassets in Resources */ = {isa = PBXBuildFile; fileRef = F06909AD200EE8E900745E55 /* Assets.xcassets */; };
		F06909B2200FDA9600745E55 /* TPGameState.swift in Sources */ = {isa = PBXBuildFile; fileRef = F06909B1200FDA9600745E55 /* TPGameState.swift */; };
/* End PBXBuildFile section */

/* Begin PBXContainerItemProxy section */
		F069098D200EDD6900745E55 /* PBXContainerItemProxy */ = {
			isa = PBXContainerItemProxy;
			containerPortal = F0690970200EDD6900745E55 /* Project object */;
			proxyType = 1;
			remoteGlobalIDString = F0690977200EDD6900745E55;
			remoteInfo = TelepresencePoker;
		};
		F0690998200EDD6900745E55 /* PBXContainerItemProxy */ = {
			isa = PBXContainerItemProxy;
			containerPortal = F0690970200EDD6900745E55 /* Project object */;
			proxyType = 1;
			remoteGlobalIDString = F0690977200EDD6900745E55;
			remoteInfo = TelepresencePoker;
		};
/* End PBXContainerItemProxy section */

/* Begin PBXFileReference section */
		0FAF7ECFFD9214F3CD9B2954 /* Pods-TelepresencePoker.debug.xcconfig */ = {isa = PBXFileReference; includeInIndex = 1; lastKnownFileType = text.xcconfig; name = "Pods-TelepresencePoker.debug.xcconfig"; path = "Pods/Target Support Files/Pods-TelepresencePoker/Pods-TelepresencePoker.debug.xcconfig"; sourceTree = "<group>"; };
		1DA7BC7BC6C7CA200AD145A1 /* Pods_TelepresencePokerUITests.framework */ = {isa = PBXFileReference; explicitFileType = wrapper.framework; includeInIndex = 0; path = Pods_TelepresencePokerUITests.framework; sourceTree = BUILT_PRODUCTS_DIR; };
		3A53C84CD6EDFA0D060652E2 /* Pods-TelepresencePokerUITests.release.xcconfig */ = {isa = PBXFileReference; includeInIndex = 1; lastKnownFileType = text.xcconfig; name = "Pods-TelepresencePokerUITests.release.xcconfig"; path = "Pods/Target Support Files/Pods-TelepresencePokerUITests/Pods-TelepresencePokerUITests.release.xcconfig"; sourceTree = "<group>"; };
		3DD48BC86729A0C40232093F /* Pods_TelepresencePokerTests.framework */ = {isa = PBXFileReference; explicitFileType = wrapper.framework; includeInIndex = 0; path = Pods_TelepresencePokerTests.framework; sourceTree = BUILT_PRODUCTS_DIR; };
		7869473EDD88CC57FCDAE65F /* Pods_TelepresencePoker.framework */ = {isa = PBXFileReference; explicitFileType = wrapper.framework; includeInIndex = 0; path = Pods_TelepresencePoker.framework; sourceTree = BUILT_PRODUCTS_DIR; };
		A2B134E7E4E0B4D2B90CF425 /* Pods-TelepresencePoker.release.xcconfig */ = {isa = PBXFileReference; includeInIndex = 1; lastKnownFileType = text.xcconfig; name = "Pods-TelepresencePoker.release.xcconfig"; path = "Pods/Target Support Files/Pods-TelepresencePoker/Pods-TelepresencePoker.release.xcconfig"; sourceTree = "<group>"; };
		C599EDEEB4BA78E202C6BCDB /* Pods-TelepresencePokerTests.release.xcconfig */ = {isa = PBXFileReference; includeInIndex = 1; lastKnownFileType = text.xcconfig; name = "Pods-TelepresencePokerTests.release.xcconfig"; path = "Pods/Target Support Files/Pods-TelepresencePokerTests/Pods-TelepresencePokerTests.release.xcconfig"; sourceTree = "<group>"; };
		C763E762CAF18EEEA5F1EE01 /* Pods-TelepresencePokerTests.debug.xcconfig */ = {isa = PBXFileReference; includeInIndex = 1; lastKnownFileType = text.xcconfig; name = "Pods-TelepresencePokerTests.debug.xcconfig"; path = "Pods/Target Support Files/Pods-TelepresencePokerTests/Pods-TelepresencePokerTests.debug.xcconfig"; sourceTree = "<group>"; };
		F0690978200EDD6900745E55 /* TelepresencePoker.app */ = {isa = PBXFileReference; explicitFileType = wrapper.application; includeInIndex = 0; path = TelepresencePoker.app; sourceTree = BUILT_PRODUCTS_DIR; };
		F069097B200EDD6900745E55 /* AppDelegate.swift */ = {isa = PBXFileReference; lastKnownFileType = sourcecode.swift; path = AppDelegate.swift; sourceTree = "<group>"; };
		F069097D200EDD6900745E55 /* ViewController.swift */ = {isa = PBXFileReference; lastKnownFileType = sourcecode.swift; path = ViewController.swift; sourceTree = "<group>"; };
		F0690980200EDD6900745E55 /* Base */ = {isa = PBXFileReference; lastKnownFileType = file.storyboard; name = Base; path = Base.lproj/Main.storyboard; sourceTree = "<group>"; };
		F0690985200EDD6900745E55 /* Base */ = {isa = PBXFileReference; lastKnownFileType = file.storyboard; name = Base; path = Base.lproj/LaunchScreen.storyboard; sourceTree = "<group>"; };
		F0690987200EDD6900745E55 /* Info.plist */ = {isa = PBXFileReference; lastKnownFileType = text.plist.xml; path = Info.plist; sourceTree = "<group>"; };
		F069098C200EDD6900745E55 /* TelepresencePokerTests.xctest */ = {isa = PBXFileReference; explicitFileType = wrapper.cfbundle; includeInIndex = 0; path = TelepresencePokerTests.xctest; sourceTree = BUILT_PRODUCTS_DIR; };
		F0690990200EDD6900745E55 /* TelepresencePokerTests.swift */ = {isa = PBXFileReference; lastKnownFileType = sourcecode.swift; path = TelepresencePokerTests.swift; sourceTree = "<group>"; };
		F0690992200EDD6900745E55 /* Info.plist */ = {isa = PBXFileReference; lastKnownFileType = text.plist.xml; path = Info.plist; sourceTree = "<group>"; };
		F0690997200EDD6900745E55 /* TelepresencePokerUITests.xctest */ = {isa = PBXFileReference; explicitFileType = wrapper.cfbundle; includeInIndex = 0; path = TelepresencePokerUITests.xctest; sourceTree = BUILT_PRODUCTS_DIR; };
		F069099B200EDD6900745E55 /* TelepresencePokerUITests.swift */ = {isa = PBXFileReference; lastKnownFileType = sourcecode.swift; path = TelepresencePokerUITests.swift; sourceTree = "<group>"; };
		F069099D200EDD6900745E55 /* Info.plist */ = {isa = PBXFileReference; lastKnownFileType = text.plist.xml; path = Info.plist; sourceTree = "<group>"; };
		F06909A9200EDE0500745E55 /* TPMainViewController.swift */ = {isa = PBXFileReference; lastKnownFileType = sourcecode.swift; path = TPMainViewController.swift; sourceTree = "<group>"; };
		F06909AD200EE8E900745E55 /* Assets.xcassets */ = {isa = PBXFileReference; lastKnownFileType = folder.assetcatalog; path = Assets.xcassets; sourceTree = "<group>"; };
		F06909B1200FDA9600745E55 /* TPGameState.swift */ = {isa = PBXFileReference; lastKnownFileType = sourcecode.swift; path = TPGameState.swift; sourceTree = "<group>"; };
		F38AE5B791E67D8CDE00B318 /* Pods-TelepresencePokerUITests.debug.xcconfig */ = {isa = PBXFileReference; includeInIndex = 1; lastKnownFileType = text.xcconfig; name = "Pods-TelepresencePokerUITests.debug.xcconfig"; path = "Pods/Target Support Files/Pods-TelepresencePokerUITests/Pods-TelepresencePokerUITests.debug.xcconfig"; sourceTree = "<group>"; };
/* End PBXFileReference section */

/* Begin PBXFrameworksBuildPhase section */
		F0690975200EDD6900745E55 /* Frameworks */ = {
			isa = PBXFrameworksBuildPhase;
			buildActionMask = 2147483647;
			files = (
				334B1D1D87D8BCC89A2EDEC2 /* Pods_TelepresencePoker.framework in Frameworks */,
			);
			runOnlyForDeploymentPostprocessing = 0;
		};
		F0690989200EDD6900745E55 /* Frameworks */ = {
			isa = PBXFrameworksBuildPhase;
			buildActionMask = 2147483647;
			files = (
				24088DABD5A33A214DF75F68 /* Pods_TelepresencePokerTests.framework in Frameworks */,
			);
			runOnlyForDeploymentPostprocessing = 0;
		};
		F0690994200EDD6900745E55 /* Frameworks */ = {
			isa = PBXFrameworksBuildPhase;
			buildActionMask = 2147483647;
			files = (
				94246DEC8E557A50610333C5 /* Pods_TelepresencePokerUITests.framework in Frameworks */,
			);
			runOnlyForDeploymentPostprocessing = 0;
		};
/* End PBXFrameworksBuildPhase section */

/* Begin PBXGroup section */
		142939BB826CA15CA6DFCECE /* Frameworks */ = {
			isa = PBXGroup;
			children = (
				7869473EDD88CC57FCDAE65F /* Pods_TelepresencePoker.framework */,
				3DD48BC86729A0C40232093F /* Pods_TelepresencePokerTests.framework */,
				1DA7BC7BC6C7CA200AD145A1 /* Pods_TelepresencePokerUITests.framework */,
			);
			name = Frameworks;
			sourceTree = "<group>";
		};
		F069096F200EDD6900745E55 = {
			isa = PBXGroup;
			children = (
				F069097A200EDD6900745E55 /* TelepresencePoker */,
				F069098F200EDD6900745E55 /* TelepresencePokerTests */,
				F069099A200EDD6900745E55 /* TelepresencePokerUITests */,
				F0690979200EDD6900745E55 /* Products */,
				FB6D7B031254ED8F4BA8F87C /* Pods */,
				142939BB826CA15CA6DFCECE /* Frameworks */,
			);
			sourceTree = "<group>";
		};
		F0690979200EDD6900745E55 /* Products */ = {
			isa = PBXGroup;
			children = (
				F0690978200EDD6900745E55 /* TelepresencePoker.app */,
				F069098C200EDD6900745E55 /* TelepresencePokerTests.xctest */,
				F0690997200EDD6900745E55 /* TelepresencePokerUITests.xctest */,
			);
			name = Products;
			sourceTree = "<group>";
		};
		F069097A200EDD6900745E55 /* TelepresencePoker */ = {
			isa = PBXGroup;
			children = (
				F069097B200EDD6900745E55 /* AppDelegate.swift */,
				F06909A9200EDE0500745E55 /* TPMainViewController.swift */,
				F06909B1200FDA9600745E55 /* TPGameState.swift */,
				F069097D200EDD6900745E55 /* ViewController.swift */,
				F069097F200EDD6900745E55 /* Main.storyboard */,
				F0690984200EDD6900745E55 /* LaunchScreen.storyboard */,
				F0690987200EDD6900745E55 /* Info.plist */,
				F06909AD200EE8E900745E55 /* Assets.xcassets */,
			);
			path = TelepresencePoker;
			sourceTree = "<group>";
		};
		F069098F200EDD6900745E55 /* TelepresencePokerTests */ = {
			isa = PBXGroup;
			children = (
				F0690990200EDD6900745E55 /* TelepresencePokerTests.swift */,
				F0690992200EDD6900745E55 /* Info.plist */,
			);
			path = TelepresencePokerTests;
			sourceTree = "<group>";
		};
		F069099A200EDD6900745E55 /* TelepresencePokerUITests */ = {
			isa = PBXGroup;
			children = (
				F069099B200EDD6900745E55 /* TelepresencePokerUITests.swift */,
				F069099D200EDD6900745E55 /* Info.plist */,
			);
			path = TelepresencePokerUITests;
			sourceTree = "<group>";
		};
		FB6D7B031254ED8F4BA8F87C /* Pods */ = {
			isa = PBXGroup;
			children = (
				0FAF7ECFFD9214F3CD9B2954 /* Pods-TelepresencePoker.debug.xcconfig */,
				A2B134E7E4E0B4D2B90CF425 /* Pods-TelepresencePoker.release.xcconfig */,
				C763E762CAF18EEEA5F1EE01 /* Pods-TelepresencePokerTests.debug.xcconfig */,
				C599EDEEB4BA78E202C6BCDB /* Pods-TelepresencePokerTests.release.xcconfig */,
				F38AE5B791E67D8CDE00B318 /* Pods-TelepresencePokerUITests.debug.xcconfig */,
				3A53C84CD6EDFA0D060652E2 /* Pods-TelepresencePokerUITests.release.xcconfig */,
			);
			name = Pods;
			sourceTree = "<group>";
		};
/* End PBXGroup section */

/* Begin PBXNativeTarget section */
		F0690977200EDD6900745E55 /* TelepresencePoker */ = {
			isa = PBXNativeTarget;
			buildConfigurationList = F06909A0200EDD6900745E55 /* Build configuration list for PBXNativeTarget "TelepresencePoker" */;
			buildPhases = (
				16145C0B29E3E6A494C2921F /* [CP] Check Pods Manifest.lock */,
				F0690974200EDD6900745E55 /* Sources */,
				F0690975200EDD6900745E55 /* Frameworks */,
				F0690976200EDD6900745E55 /* Resources */,
				74CBF72B8ADE169DDBC7BB29 /* [CP] Embed Pods Frameworks */,
				02E38E0CAE7F61F5571FFCE8 /* [CP] Copy Pods Resources */,
			);
			buildRules = (
			);
			dependencies = (
			);
			name = TelepresencePoker;
			productName = TelepresencePoker;
			productReference = F0690978200EDD6900745E55 /* TelepresencePoker.app */;
			productType = "com.apple.product-type.application";
		};
		F069098B200EDD6900745E55 /* TelepresencePokerTests */ = {
			isa = PBXNativeTarget;
			buildConfigurationList = F06909A3200EDD6900745E55 /* Build configuration list for PBXNativeTarget "TelepresencePokerTests" */;
			buildPhases = (
				E38D3B3B20E328FEF8333A72 /* [CP] Check Pods Manifest.lock */,
				F0690988200EDD6900745E55 /* Sources */,
				F0690989200EDD6900745E55 /* Frameworks */,
				F069098A200EDD6900745E55 /* Resources */,
				7FAF1893BD33B8EB7F4C1E78 /* [CP] Embed Pods Frameworks */,
				54A71CC4FD80B27C653D4074 /* [CP] Copy Pods Resources */,
			);
			buildRules = (
			);
			dependencies = (
				F069098E200EDD6900745E55 /* PBXTargetDependency */,
			);
			name = TelepresencePokerTests;
			productName = TelepresencePokerTests;
			productReference = F069098C200EDD6900745E55 /* TelepresencePokerTests.xctest */;
			productType = "com.apple.product-type.bundle.unit-test";
		};
		F0690996200EDD6900745E55 /* TelepresencePokerUITests */ = {
			isa = PBXNativeTarget;
			buildConfigurationList = F06909A6200EDD6900745E55 /* Build configuration list for PBXNativeTarget "TelepresencePokerUITests" */;
			buildPhases = (
				7DB9DDD44F7BA188613B9061 /* [CP] Check Pods Manifest.lock */,
				F0690993200EDD6900745E55 /* Sources */,
				F0690994200EDD6900745E55 /* Frameworks */,
				F0690995200EDD6900745E55 /* Resources */,
				FBE2DA7A4C8D730D8A998FBD /* [CP] Embed Pods Frameworks */,
				8DB73F44BCC876918FBEBEC9 /* [CP] Copy Pods Resources */,
			);
			buildRules = (
			);
			dependencies = (
				F0690999200EDD6900745E55 /* PBXTargetDependency */,
			);
			name = TelepresencePokerUITests;
			productName = TelepresencePokerUITests;
			productReference = F0690997200EDD6900745E55 /* TelepresencePokerUITests.xctest */;
			productType = "com.apple.product-type.bundle.ui-testing";
		};
/* End PBXNativeTarget section */

/* Begin PBXProject section */
		F0690970200EDD6900745E55 /* Project object */ = {
			isa = PBXProject;
			attributes = {
				LastSwiftUpdateCheck = 0920;
				LastUpgradeCheck = 0920;
				ORGANIZATIONNAME = "Brandon Schmuck";
				TargetAttributes = {
					F0690977200EDD6900745E55 = {
						CreatedOnToolsVersion = 9.2;
						ProvisioningStyle = Automatic;
					};
					F069098B200EDD6900745E55 = {
						CreatedOnToolsVersion = 9.2;
						ProvisioningStyle = Automatic;
						TestTargetID = F0690977200EDD6900745E55;
					};
					F0690996200EDD6900745E55 = {
						CreatedOnToolsVersion = 9.2;
						ProvisioningStyle = Automatic;
						TestTargetID = F0690977200EDD6900745E55;
					};
				};
			};
			buildConfigurationList = F0690973200EDD6900745E55 /* Build configuration list for PBXProject "TelepresencePoker" */;
			compatibilityVersion = "Xcode 8.0";
			developmentRegion = en;
			hasScannedForEncodings = 0;
			knownRegions = (
				en,
				Base,
			);
			mainGroup = F069096F200EDD6900745E55;
			productRefGroup = F0690979200EDD6900745E55 /* Products */;
			projectDirPath = "";
			projectRoot = "";
			targets = (
				F0690977200EDD6900745E55 /* TelepresencePoker */,
				F069098B200EDD6900745E55 /* TelepresencePokerTests */,
				F0690996200EDD6900745E55 /* TelepresencePokerUITests */,
			);
		};
/* End PBXProject section */

/* Begin PBXResourcesBuildPhase section */
		F0690976200EDD6900745E55 /* Resources */ = {
			isa = PBXResourcesBuildPhase;
			buildActionMask = 2147483647;
			files = (
				F0690986200EDD6900745E55 /* LaunchScreen.storyboard in Resources */,
				F06909AE200EE8E900745E55 /* Assets.xcassets in Resources */,
				F0690981200EDD6900745E55 /* Main.storyboard in Resources */,
			);
			runOnlyForDeploymentPostprocessing = 0;
		};
		F069098A200EDD6900745E55 /* Resources */ = {
			isa = PBXResourcesBuildPhase;
			buildActionMask = 2147483647;
			files = (
			);
			runOnlyForDeploymentPostprocessing = 0;
		};
		F0690995200EDD6900745E55 /* Resources */ = {
			isa = PBXResourcesBuildPhase;
			buildActionMask = 2147483647;
			files = (
			);
			runOnlyForDeploymentPostprocessing = 0;
		};
/* End PBXResourcesBuildPhase section */

/* Begin PBXShellScriptBuildPhase section */
		02E38E0CAE7F61F5571FFCE8 /* [CP] Copy Pods Resources */ = {
			isa = PBXShellScriptBuildPhase;
			buildActionMask = 2147483647;
			files = (
			);
			inputPaths = (
			);
			name = "[CP] Copy Pods Resources";
			outputPaths = (
			);
			runOnlyForDeploymentPostprocessing = 0;
			shellPath = /bin/sh;
			shellScript = "\"${SRCROOT}/Pods/Target Support Files/Pods-TelepresencePoker/Pods-TelepresencePoker-resources.sh\"\n";
			showEnvVarsInLog = 0;
		};
		16145C0B29E3E6A494C2921F /* [CP] Check Pods Manifest.lock */ = {
			isa = PBXShellScriptBuildPhase;
			buildActionMask = 2147483647;
			files = (
			);
			inputPaths = (
				"${PODS_PODFILE_DIR_PATH}/Podfile.lock",
				"${PODS_ROOT}/Manifest.lock",
			);
			name = "[CP] Check Pods Manifest.lock";
			outputPaths = (
				"$(DERIVED_FILE_DIR)/Pods-TelepresencePoker-checkManifestLockResult.txt",
			);
			runOnlyForDeploymentPostprocessing = 0;
			shellPath = /bin/sh;
			shellScript = "diff \"${PODS_PODFILE_DIR_PATH}/Podfile.lock\" \"${PODS_ROOT}/Manifest.lock\" > /dev/null\nif [ $? != 0 ] ; then\n    # print error to STDERR\n    echo \"error: The sandbox is not in sync with the Podfile.lock. Run 'pod install' or update your CocoaPods installation.\" >&2\n    exit 1\nfi\n# This output is used by Xcode 'outputs' to avoid re-running this script phase.\necho \"SUCCESS\" > \"${SCRIPT_OUTPUT_FILE_0}\"\n";
			showEnvVarsInLog = 0;
		};
		54A71CC4FD80B27C653D4074 /* [CP] Copy Pods Resources */ = {
			isa = PBXShellScriptBuildPhase;
			buildActionMask = 2147483647;
			files = (
			);
			inputPaths = (
			);
			name = "[CP] Copy Pods Resources";
			outputPaths = (
			);
			runOnlyForDeploymentPostprocessing = 0;
			shellPath = /bin/sh;
			shellScript = "\"${SRCROOT}/Pods/Target Support Files/Pods-TelepresencePokerTests/Pods-TelepresencePokerTests-resources.sh\"\n";
			showEnvVarsInLog = 0;
		};
		74CBF72B8ADE169DDBC7BB29 /* [CP] Embed Pods Frameworks */ = {
			isa = PBXShellScriptBuildPhase;
			buildActionMask = 2147483647;
			files = (
			);
			inputPaths = (
				"${SRCROOT}/Pods/Target Support Files/Pods-TelepresencePoker/Pods-TelepresencePoker-frameworks.sh",
				"${PODS_ROOT}/TwilioVideo/TwilioVideo.framework",
			);
			name = "[CP] Embed Pods Frameworks";
			outputPaths = (
				"${TARGET_BUILD_DIR}/${FRAMEWORKS_FOLDER_PATH}/TwilioVideo.framework",
			);
			runOnlyForDeploymentPostprocessing = 0;
			shellPath = /bin/sh;
			shellScript = "\"${SRCROOT}/Pods/Target Support Files/Pods-TelepresencePoker/Pods-TelepresencePoker-frameworks.sh\"\n";
			showEnvVarsInLog = 0;
		};
		7DB9DDD44F7BA188613B9061 /* [CP] Check Pods Manifest.lock */ = {
			isa = PBXShellScriptBuildPhase;
			buildActionMask = 2147483647;
			files = (
			);
			inputPaths = (
				"${PODS_PODFILE_DIR_PATH}/Podfile.lock",
				"${PODS_ROOT}/Manifest.lock",
			);
			name = "[CP] Check Pods Manifest.lock";
			outputPaths = (
				"$(DERIVED_FILE_DIR)/Pods-TelepresencePokerUITests-checkManifestLockResult.txt",
			);
			runOnlyForDeploymentPostprocessing = 0;
			shellPath = /bin/sh;
			shellScript = "diff \"${PODS_PODFILE_DIR_PATH}/Podfile.lock\" \"${PODS_ROOT}/Manifest.lock\" > /dev/null\nif [ $? != 0 ] ; then\n    # print error to STDERR\n    echo \"error: The sandbox is not in sync with the Podfile.lock. Run 'pod install' or update your CocoaPods installation.\" >&2\n    exit 1\nfi\n# This output is used by Xcode 'outputs' to avoid re-running this script phase.\necho \"SUCCESS\" > \"${SCRIPT_OUTPUT_FILE_0}\"\n";
			showEnvVarsInLog = 0;
		};
		7FAF1893BD33B8EB7F4C1E78 /* [CP] Embed Pods Frameworks */ = {
			isa = PBXShellScriptBuildPhase;
			buildActionMask = 2147483647;
			files = (
			);
			inputPaths = (
			);
			name = "[CP] Embed Pods Frameworks";
			outputPaths = (
			);
			runOnlyForDeploymentPostprocessing = 0;
			shellPath = /bin/sh;
			shellScript = "\"${SRCROOT}/Pods/Target Support Files/Pods-TelepresencePokerTests/Pods-TelepresencePokerTests-frameworks.sh\"\n";
			showEnvVarsInLog = 0;
		};
		8DB73F44BCC876918FBEBEC9 /* [CP] Copy Pods Resources */ = {
			isa = PBXShellScriptBuildPhase;
			buildActionMask = 2147483647;
			files = (
			);
			inputPaths = (
			);
			name = "[CP] Copy Pods Resources";
			outputPaths = (
			);
			runOnlyForDeploymentPostprocessing = 0;
			shellPath = /bin/sh;
			shellScript = "\"${SRCROOT}/Pods/Target Support Files/Pods-TelepresencePokerUITests/Pods-TelepresencePokerUITests-resources.sh\"\n";
			showEnvVarsInLog = 0;
		};
		E38D3B3B20E328FEF8333A72 /* [CP] Check Pods Manifest.lock */ = {
			isa = PBXShellScriptBuildPhase;
			buildActionMask = 2147483647;
			files = (
			);
			inputPaths = (
				"${PODS_PODFILE_DIR_PATH}/Podfile.lock",
				"${PODS_ROOT}/Manifest.lock",
			);
			name = "[CP] Check Pods Manifest.lock";
			outputPaths = (
				"$(DERIVED_FILE_DIR)/Pods-TelepresencePokerTests-checkManifestLockResult.txt",
			);
			runOnlyForDeploymentPostprocessing = 0;
			shellPath = /bin/sh;
			shellScript = "diff \"${PODS_PODFILE_DIR_PATH}/Podfile.lock\" \"${PODS_ROOT}/Manifest.lock\" > /dev/null\nif [ $? != 0 ] ; then\n    # print error to STDERR\n    echo \"error: The sandbox is not in sync with the Podfile.lock. Run 'pod install' or update your CocoaPods installation.\" >&2\n    exit 1\nfi\n# This output is used by Xcode 'outputs' to avoid re-running this script phase.\necho \"SUCCESS\" > \"${SCRIPT_OUTPUT_FILE_0}\"\n";
			showEnvVarsInLog = 0;
		};
		FBE2DA7A4C8D730D8A998FBD /* [CP] Embed Pods Frameworks */ = {
			isa = PBXShellScriptBuildPhase;
			buildActionMask = 2147483647;
			files = (
			);
			inputPaths = (
			);
			name = "[CP] Embed Pods Frameworks";
			outputPaths = (
			);
			runOnlyForDeploymentPostprocessing = 0;
			shellPath = /bin/sh;
			shellScript = "\"${SRCROOT}/Pods/Target Support Files/Pods-TelepresencePokerUITests/Pods-TelepresencePokerUITests-frameworks.sh\"\n";
			showEnvVarsInLog = 0;
		};
/* End PBXShellScriptBuildPhase section */

/* Begin PBXSourcesBuildPhase section */
		F0690974200EDD6900745E55 /* Sources */ = {
			isa = PBXSourcesBuildPhase;
			buildActionMask = 2147483647;
			files = (
				F06909AA200EDE0500745E55 /* TPMainViewController.swift in Sources */,
				F06909B2200FDA9600745E55 /* TPGameState.swift in Sources */,
				F069097E200EDD6900745E55 /* ViewController.swift in Sources */,
				F069097C200EDD6900745E55 /* AppDelegate.swift in Sources */,
			);
			runOnlyForDeploymentPostprocessing = 0;
		};
		F0690988200EDD6900745E55 /* Sources */ = {
			isa = PBXSourcesBuildPhase;
			buildActionMask = 2147483647;
			files = (
				F0690991200EDD6900745E55 /* TelepresencePokerTests.swift in Sources */,
			);
			runOnlyForDeploymentPostprocessing = 0;
		};
		F0690993200EDD6900745E55 /* Sources */ = {
			isa = PBXSourcesBuildPhase;
			buildActionMask = 2147483647;
			files = (
				F069099C200EDD6900745E55 /* TelepresencePokerUITests.swift in Sources */,
			);
			runOnlyForDeploymentPostprocessing = 0;
		};
/* End PBXSourcesBuildPhase section */

/* Begin PBXTargetDependency section */
		F069098E200EDD6900745E55 /* PBXTargetDependency */ = {
			isa = PBXTargetDependency;
			target = F0690977200EDD6900745E55 /* TelepresencePoker */;
			targetProxy = F069098D200EDD6900745E55 /* PBXContainerItemProxy */;
		};
		F0690999200EDD6900745E55 /* PBXTargetDependency */ = {
			isa = PBXTargetDependency;
			target = F0690977200EDD6900745E55 /* TelepresencePoker */;
			targetProxy = F0690998200EDD6900745E55 /* PBXContainerItemProxy */;
		};
/* End PBXTargetDependency section */

/* Begin PBXVariantGroup section */
		F069097F200EDD6900745E55 /* Main.storyboard */ = {
			isa = PBXVariantGroup;
			children = (
				F0690980200EDD6900745E55 /* Base */,
			);
			name = Main.storyboard;
			sourceTree = "<group>";
		};
		F0690984200EDD6900745E55 /* LaunchScreen.storyboard */ = {
			isa = PBXVariantGroup;
			children = (
				F0690985200EDD6900745E55 /* Base */,
			);
			name = LaunchScreen.storyboard;
			sourceTree = "<group>";
		};
/* End PBXVariantGroup section */

/* Begin XCBuildConfiguration section */
		F069099E200EDD6900745E55 /* Debug */ = {
			isa = XCBuildConfiguration;
			buildSettings = {
				ALWAYS_SEARCH_USER_PATHS = NO;
				CLANG_ANALYZER_NONNULL = YES;
				CLANG_ANALYZER_NUMBER_OBJECT_CONVERSION = YES_AGGRESSIVE;
				CLANG_CXX_LANGUAGE_STANDARD = "gnu++14";
				CLANG_CXX_LIBRARY = "libc++";
				CLANG_ENABLE_MODULES = YES;
				CLANG_ENABLE_OBJC_ARC = YES;
				CLANG_WARN_BLOCK_CAPTURE_AUTORELEASING = YES;
				CLANG_WARN_BOOL_CONVERSION = YES;
				CLANG_WARN_COMMA = YES;
				CLANG_WARN_CONSTANT_CONVERSION = YES;
				CLANG_WARN_DIRECT_OBJC_ISA_USAGE = YES_ERROR;
				CLANG_WARN_DOCUMENTATION_COMMENTS = YES;
				CLANG_WARN_EMPTY_BODY = YES;
				CLANG_WARN_ENUM_CONVERSION = YES;
				CLANG_WARN_INFINITE_RECURSION = YES;
				CLANG_WARN_INT_CONVERSION = YES;
				CLANG_WARN_NON_LITERAL_NULL_CONVERSION = YES;
				CLANG_WARN_OBJC_LITERAL_CONVERSION = YES;
				CLANG_WARN_OBJC_ROOT_CLASS = YES_ERROR;
				CLANG_WARN_RANGE_LOOP_ANALYSIS = YES;
				CLANG_WARN_STRICT_PROTOTYPES = YES;
				CLANG_WARN_SUSPICIOUS_MOVE = YES;
				CLANG_WARN_UNGUARDED_AVAILABILITY = YES_AGGRESSIVE;
				CLANG_WARN_UNREACHABLE_CODE = YES;
				CLANG_WARN__DUPLICATE_METHOD_MATCH = YES;
				CODE_SIGN_IDENTITY = "iPhone Developer";
				COPY_PHASE_STRIP = NO;
				DEBUG_INFORMATION_FORMAT = dwarf;
				ENABLE_STRICT_OBJC_MSGSEND = YES;
				ENABLE_TESTABILITY = YES;
				GCC_C_LANGUAGE_STANDARD = gnu11;
				GCC_DYNAMIC_NO_PIC = NO;
				GCC_NO_COMMON_BLOCKS = YES;
				GCC_OPTIMIZATION_LEVEL = 0;
				GCC_PREPROCESSOR_DEFINITIONS = (
					"DEBUG=1",
					"$(inherited)",
				);
				GCC_WARN_64_TO_32_BIT_CONVERSION = YES;
				GCC_WARN_ABOUT_RETURN_TYPE = YES_ERROR;
				GCC_WARN_UNDECLARED_SELECTOR = YES;
				GCC_WARN_UNINITIALIZED_AUTOS = YES_AGGRESSIVE;
				GCC_WARN_UNUSED_FUNCTION = YES;
				GCC_WARN_UNUSED_VARIABLE = YES;
				IPHONEOS_DEPLOYMENT_TARGET = 11.2;
				MTL_ENABLE_DEBUG_INFO = YES;
				ONLY_ACTIVE_ARCH = YES;
				SDKROOT = iphoneos;
				SWIFT_ACTIVE_COMPILATION_CONDITIONS = DEBUG;
				SWIFT_OPTIMIZATION_LEVEL = "-Onone";
			};
			name = Debug;
		};
		F069099F200EDD6900745E55 /* Release */ = {
			isa = XCBuildConfiguration;
			buildSettings = {
				ALWAYS_SEARCH_USER_PATHS = NO;
				CLANG_ANALYZER_NONNULL = YES;
				CLANG_ANALYZER_NUMBER_OBJECT_CONVERSION = YES_AGGRESSIVE;
				CLANG_CXX_LANGUAGE_STANDARD = "gnu++14";
				CLANG_CXX_LIBRARY = "libc++";
				CLANG_ENABLE_MODULES = YES;
				CLANG_ENABLE_OBJC_ARC = YES;
				CLANG_WARN_BLOCK_CAPTURE_AUTORELEASING = YES;
				CLANG_WARN_BOOL_CONVERSION = YES;
				CLANG_WARN_COMMA = YES;
				CLANG_WARN_CONSTANT_CONVERSION = YES;
				CLANG_WARN_DIRECT_OBJC_ISA_USAGE = YES_ERROR;
				CLANG_WARN_DOCUMENTATION_COMMENTS = YES;
				CLANG_WARN_EMPTY_BODY = YES;
				CLANG_WARN_ENUM_CONVERSION = YES;
				CLANG_WARN_INFINITE_RECURSION = YES;
				CLANG_WARN_INT_CONVERSION = YES;
				CLANG_WARN_NON_LITERAL_NULL_CONVERSION = YES;
				CLANG_WARN_OBJC_LITERAL_CONVERSION = YES;
				CLANG_WARN_OBJC_ROOT_CLASS = YES_ERROR;
				CLANG_WARN_RANGE_LOOP_ANALYSIS = YES;
				CLANG_WARN_STRICT_PROTOTYPES = YES;
				CLANG_WARN_SUSPICIOUS_MOVE = YES;
				CLANG_WARN_UNGUARDED_AVAILABILITY = YES_AGGRESSIVE;
				CLANG_WARN_UNREACHABLE_CODE = YES;
				CLANG_WARN__DUPLICATE_METHOD_MATCH = YES;
				CODE_SIGN_IDENTITY = "iPhone Developer";
				COPY_PHASE_STRIP = NO;
				DEBUG_INFORMATION_FORMAT = "dwarf-with-dsym";
				ENABLE_NS_ASSERTIONS = NO;
				ENABLE_STRICT_OBJC_MSGSEND = YES;
				GCC_C_LANGUAGE_STANDARD = gnu11;
				GCC_NO_COMMON_BLOCKS = YES;
				GCC_WARN_64_TO_32_BIT_CONVERSION = YES;
				GCC_WARN_ABOUT_RETURN_TYPE = YES_ERROR;
				GCC_WARN_UNDECLARED_SELECTOR = YES;
				GCC_WARN_UNINITIALIZED_AUTOS = YES_AGGRESSIVE;
				GCC_WARN_UNUSED_FUNCTION = YES;
				GCC_WARN_UNUSED_VARIABLE = YES;
				IPHONEOS_DEPLOYMENT_TARGET = 11.2;
				MTL_ENABLE_DEBUG_INFO = NO;
				SDKROOT = iphoneos;
				SWIFT_OPTIMIZATION_LEVEL = "-Owholemodule";
				VALIDATE_PRODUCT = YES;
			};
			name = Release;
		};
		F06909A1200EDD6900745E55 /* Debug */ = {
			isa = XCBuildConfiguration;
			baseConfigurationReference = 0FAF7ECFFD9214F3CD9B2954 /* Pods-TelepresencePoker.debug.xcconfig */;
			buildSettings = {
				ASSETCATALOG_COMPILER_APPICON_NAME = AppIcon;
				CODE_SIGN_STYLE = Automatic;
				DEVELOPMENT_TEAM = HHK9ZF7HAA;
				INFOPLIST_FILE = TelepresencePoker/Info.plist;
				IPHONEOS_DEPLOYMENT_TARGET = 10.0;
				LD_RUNPATH_SEARCH_PATHS = "$(inherited) @executable_path/Frameworks";
				PRODUCT_BUNDLE_IDENTIFIER = com.amolakn.TelepresencePoker;
				PRODUCT_NAME = "$(TARGET_NAME)";
				SWIFT_VERSION = 4.0;
				TARGETED_DEVICE_FAMILY = "1,2";
			};
			name = Debug;
		};
		F06909A2200EDD6900745E55 /* Release */ = {
			isa = XCBuildConfiguration;
			baseConfigurationReference = A2B134E7E4E0B4D2B90CF425 /* Pods-TelepresencePoker.release.xcconfig */;
			buildSettings = {
				ASSETCATALOG_COMPILER_APPICON_NAME = AppIcon;
				CODE_SIGN_STYLE = Automatic;
				DEVELOPMENT_TEAM = HHK9ZF7HAA;
				INFOPLIST_FILE = TelepresencePoker/Info.plist;
				IPHONEOS_DEPLOYMENT_TARGET = 10.0;
				LD_RUNPATH_SEARCH_PATHS = "$(inherited) @executable_path/Frameworks";
				PRODUCT_BUNDLE_IDENTIFIER = com.amolakn.TelepresencePoker;
				PRODUCT_NAME = "$(TARGET_NAME)";
				SWIFT_VERSION = 4.0;
				TARGETED_DEVICE_FAMILY = "1,2";
			};
			name = Release;
		};
		F06909A4200EDD6900745E55 /* Debug */ = {
			isa = XCBuildConfiguration;
			baseConfigurationReference = C763E762CAF18EEEA5F1EE01 /* Pods-TelepresencePokerTests.debug.xcconfig */;
			buildSettings = {
				ALWAYS_EMBED_SWIFT_STANDARD_LIBRARIES = YES;
				BUNDLE_LOADER = "$(TEST_HOST)";
				CODE_SIGN_STYLE = Automatic;
				DEVELOPMENT_TEAM = W2K89DDM88;
				INFOPLIST_FILE = TelepresencePokerTests/Info.plist;
				LD_RUNPATH_SEARCH_PATHS = "$(inherited) @executable_path/Frameworks @loader_path/Frameworks";
				PRODUCT_BUNDLE_IDENTIFIER = com.bschmuck.TelepresencePokerTests;
				PRODUCT_NAME = "$(TARGET_NAME)";
				SWIFT_VERSION = 4.0;
				TARGETED_DEVICE_FAMILY = "1,2";
				TEST_HOST = "$(BUILT_PRODUCTS_DIR)/TelepresencePoker.app/TelepresencePoker";
			};
			name = Debug;
		};
		F06909A5200EDD6900745E55 /* Release */ = {
			isa = XCBuildConfiguration;
			baseConfigurationReference = C599EDEEB4BA78E202C6BCDB /* Pods-TelepresencePokerTests.release.xcconfig */;
			buildSettings = {
				ALWAYS_EMBED_SWIFT_STANDARD_LIBRARIES = YES;
				BUNDLE_LOADER = "$(TEST_HOST)";
				CODE_SIGN_STYLE = Automatic;
				DEVELOPMENT_TEAM = W2K89DDM88;
				INFOPLIST_FILE = TelepresencePokerTests/Info.plist;
				LD_RUNPATH_SEARCH_PATHS = "$(inherited) @executable_path/Frameworks @loader_path/Frameworks";
				PRODUCT_BUNDLE_IDENTIFIER = com.bschmuck.TelepresencePokerTests;
				PRODUCT_NAME = "$(TARGET_NAME)";
				SWIFT_VERSION = 4.0;
				TARGETED_DEVICE_FAMILY = "1,2";
				TEST_HOST = "$(BUILT_PRODUCTS_DIR)/TelepresencePoker.app/TelepresencePoker";
			};
			name = Release;
		};
		F06909A7200EDD6900745E55 /* Debug */ = {
			isa = XCBuildConfiguration;
			baseConfigurationReference = F38AE5B791E67D8CDE00B318 /* Pods-TelepresencePokerUITests.debug.xcconfig */;
			buildSettings = {
				ALWAYS_EMBED_SWIFT_STANDARD_LIBRARIES = YES;
				CODE_SIGN_STYLE = Automatic;
				DEVELOPMENT_TEAM = W2K89DDM88;
				INFOPLIST_FILE = TelepresencePokerUITests/Info.plist;
				LD_RUNPATH_SEARCH_PATHS = "$(inherited) @executable_path/Frameworks @loader_path/Frameworks";
				PRODUCT_BUNDLE_IDENTIFIER = com.bschmuck.TelepresencePokerUITests;
				PRODUCT_NAME = "$(TARGET_NAME)";
				SWIFT_VERSION = 4.0;
				TARGETED_DEVICE_FAMILY = "1,2";
				TEST_TARGET_NAME = TelepresencePoker;
			};
			name = Debug;
		};
		F06909A8200EDD6900745E55 /* Release */ = {
			isa = XCBuildConfiguration;
			baseConfigurationReference = 3A53C84CD6EDFA0D060652E2 /* Pods-TelepresencePokerUITests.release.xcconfig */;
			buildSettings = {
				ALWAYS_EMBED_SWIFT_STANDARD_LIBRARIES = YES;
				CODE_SIGN_STYLE = Automatic;
				DEVELOPMENT_TEAM = W2K89DDM88;
				INFOPLIST_FILE = TelepresencePokerUITests/Info.plist;
				LD_RUNPATH_SEARCH_PATHS = "$(inherited) @executable_path/Frameworks @loader_path/Frameworks";
				PRODUCT_BUNDLE_IDENTIFIER = com.bschmuck.TelepresencePokerUITests;
				PRODUCT_NAME = "$(TARGET_NAME)";
				SWIFT_VERSION = 4.0;
				TARGETED_DEVICE_FAMILY = "1,2";
				TEST_TARGET_NAME = TelepresencePoker;
			};
			name = Release;
		};
/* End XCBuildConfiguration section */

/* Begin XCConfigurationList section */
		F0690973200EDD6900745E55 /* Build configuration list for PBXProject "TelepresencePoker" */ = {
			isa = XCConfigurationList;
			buildConfigurations = (
				F069099E200EDD6900745E55 /* Debug */,
				F069099F200EDD6900745E55 /* Release */,
			);
			defaultConfigurationIsVisible = 0;
			defaultConfigurationName = Release;
		};
		F06909A0200EDD6900745E55 /* Build configuration list for PBXNativeTarget "TelepresencePoker" */ = {
			isa = XCConfigurationList;
			buildConfigurations = (
				F06909A1200EDD6900745E55 /* Debug */,
				F06909A2200EDD6900745E55 /* Release */,
			);
			defaultConfigurationIsVisible = 0;
			defaultConfigurationName = Release;
		};
		F06909A3200EDD6900745E55 /* Build configuration list for PBXNativeTarget "TelepresencePokerTests" */ = {
			isa = XCConfigurationList;
			buildConfigurations = (
				F06909A4200EDD6900745E55 /* Debug */,
				F06909A5200EDD6900745E55 /* Release */,
			);
			defaultConfigurationIsVisible = 0;
			defaultConfigurationName = Release;
		};
		F06909A6200EDD6900745E55 /* Build configuration list for PBXNativeTarget "TelepresencePokerUITests" */ = {
			isa = XCConfigurationList;
			buildConfigurations = (
				F06909A7200EDD6900745E55 /* Debug */,
				F06909A8200EDD6900745E55 /* Release */,
			);
			defaultConfigurationIsVisible = 0;
			defaultConfigurationName = Release;
		};
/* End XCConfigurationList section */
	};
	rootObject = F0690970200EDD6900745E55 /* Project object */;
}
